
Microsoft Visual Studio Solution File, Format Version 12.00
# Visual Studio 15
VisualStudioVersion = 15.0.27004.2005
MinimumVisualStudioVersion = 10.0.40219.1
Project("{FAE04EC0-301F-11D3-BF4B-00C04F79EFBC}") = "OpendagWPF", "OpendagWPF\OpendagWPF.csproj", "{6CDC7838-6A49-4AB7-8CC3-D398AF61C646}"
EndProject
Global
	GlobalSection(SolutionConfigurationPlatforms) = preSolution
		Debug|Any CPU = Debug|Any CPU
		Release|Any CPU = Release|Any CPU
	EndGlobalSection
	GlobalSection(ProjectConfigurationPlatforms) = postSolution
		{6CDC7838-6A49-4AB7-8CC3-D398AF61C646}.Debug|Any CPU.ActiveCfg = Debug|Any CPU
		{6CDC7838-6A49-4AB7-8CC3-D398AF61C646}.Debug|Any CPU.Build.0 = Debug|Any CPU
		{6CDC7838-6A49-4AB7-8CC3-D398AF61C646}.Release|Any CPU.ActiveCfg = Release|Any CPU
		{6CDC7838-6A49-4AB7-8CC3-D398AF61C646}.Release|Any CPU.Build.0 = Release|Any CPU
	EndGlobalSection
	GlobalSection(SolutionProperties) = preSolution
		HideSolutionNode = FALSE
	EndGlobalSection
	GlobalSection(ExtensibilityGlobals) = postSolution
		SolutionGuid = {1557D649-1E31-4E26-AA47-8C3DAA8D7811}
	EndGlobalSection
EndGlobal
