
Microsoft Visual Studio Solution File, Format Version 12.00
# Visual Studio 15
VisualStudioVersion = 15.0.27004.2005
MinimumVisualStudioVersion = 10.0.40219.1
Project("{FAE04EC0-301F-11D3-BF4B-00C04F79EFBC}") = "Priem", "Priem\Priem.csproj", "{7A7DBB1C-E16C-4484-A406-27CFA2362D8F}"
EndProject
Global
	GlobalSection(SolutionConfigurationPlatforms) = preSolution
		Debug|Any CPU = Debug|Any CPU
		Release|Any CPU = Release|Any CPU
	EndGlobalSection
	GlobalSection(ProjectConfigurationPlatforms) = postSolution
		{7A7DBB1C-E16C-4484-A406-27CFA2362D8F}.Debug|Any CPU.ActiveCfg = Debug|Any CPU
		{7A7DBB1C-E16C-4484-A406-27CFA2362D8F}.Debug|Any CPU.Build.0 = Debug|Any CPU
		{7A7DBB1C-E16C-4484-A406-27CFA2362D8F}.Release|Any CPU.ActiveCfg = Release|Any CPU
		{7A7DBB1C-E16C-4484-A406-27CFA2362D8F}.Release|Any CPU.Build.0 = Release|Any CPU
	EndGlobalSection
	GlobalSection(SolutionProperties) = preSolution
		HideSolutionNode = FALSE
	EndGlobalSection
	GlobalSection(ExtensibilityGlobals) = postSolution
		SolutionGuid = {BAF8C178-5477-4EAF-A742-288F51635F7C}
	EndGlobalSection
EndGlobal
