
Microsoft Visual Studio Solution File, Format Version 12.00
# Visual Studio 15
VisualStudioVersion = 15.0.27004.2005
MinimumVisualStudioVersion = 10.0.40219.1
Project("{FAE04EC0-301F-11D3-BF4B-00C04F79EFBC}") = "InterfaceApp", "InterfaceApp\InterfaceApp.csproj", "{9FC3E095-67B2-4B19-B429-4F95A22DD608}"
EndProject
Global
	GlobalSection(SolutionConfigurationPlatforms) = preSolution
		Debug|Any CPU = Debug|Any CPU
		Release|Any CPU = Release|Any CPU
	EndGlobalSection
	GlobalSection(ProjectConfigurationPlatforms) = postSolution
		{9FC3E095-67B2-4B19-B429-4F95A22DD608}.Debug|Any CPU.ActiveCfg = Debug|Any CPU
		{9FC3E095-67B2-4B19-B429-4F95A22DD608}.Debug|Any CPU.Build.0 = Debug|Any CPU
		{9FC3E095-67B2-4B19-B429-4F95A22DD608}.Release|Any CPU.ActiveCfg = Release|Any CPU
		{9FC3E095-67B2-4B19-B429-4F95A22DD608}.Release|Any CPU.Build.0 = Release|Any CPU
	EndGlobalSection
	GlobalSection(SolutionProperties) = preSolution
		HideSolutionNode = FALSE
	EndGlobalSection
	GlobalSection(ExtensibilityGlobals) = postSolution
		SolutionGuid = {16BCA392-05D2-477E-B7A0-7D9E0D052E44}
	EndGlobalSection
EndGlobal
